
Microsoft Visual Studio Solution File, Format Version 12.00
# Visual Studio Version 17
VisualStudioVersion = 17.8.34330.188
MinimumVisualStudioVersion = 10.0.40219.1
Project("{2150E333-8FDC-42A3-9474-1A3956D46DE8}") = "Core", "Core", "{CD52D313-9AB8-4247-B240-0FECAC606516}"
EndProject
Project("{2150E333-8FDC-42A3-9474-1A3956D46DE8}") = "Infrastructure", "Infrastructure", "{DD7046BA-26BA-46F4-B06F-3F6EB8C3B649}"
EndProject
Project("{2150E333-8FDC-42A3-9474-1A3956D46DE8}") = "Presentation", "Presentation", "{F50F87CE-CE73-4384-A495-D0BE76F5C6B1}"
EndProject
Project("{9A19103F-16F7-4668-BE54-9A1E7A4F7556}") = "RealStateAppProg3.Core.Application", "RealStateAppProg3.Core.Application\RealStateAppProg3.Core.Application.csproj", "{721C7219-58F8-4244-8FD6-990245BE0D50}"
EndProject
Project("{9A19103F-16F7-4668-BE54-9A1E7A4F7556}") = "RealStateAppProg3.Core.Domain", "RealStateAppProg3.Core.Domain\RealStateAppProg3.Core.Domain.csproj", "{29DA2692-A66A-4DEA-B810-E99E40CA14C7}"
EndProject
Project("{9A19103F-16F7-4668-BE54-9A1E7A4F7556}") = "RealStateAppProg3.Infrastructure.Persistence", "RealStateAppProg3.Infrastructure.Persistence\RealStateAppProg3.Infrastructure.Persistence.csproj", "{76F313DA-6986-4820-9DED-02118BCAB000}"
EndProject
Project("{9A19103F-16F7-4668-BE54-9A1E7A4F7556}") = "RealStateAppProg3.Infrastructure.Identity", "RealStateAppProg3.Infrastructure.Identity\RealStateAppProg3.Infrastructure.Identity.csproj", "{7982788C-4E4D-41A2-BA2E-6EB05EE6F3AD}"
EndProject
Project("{9A19103F-16F7-4668-BE54-9A1E7A4F7556}") = "RealStateAppProg3.Infrastructure.Shared", "RealStateAppProg3.Infrastructure.Shared\RealStateAppProg3.Infrastructure.Shared.csproj", "{A3064CE2-0464-4090-B200-9C06203DA32E}"
EndProject
Project("{2150E333-8FDC-42A3-9474-1A3956D46DE8}") = "WebApp", "WebApp", "{14B8D6B1-09C3-4DAC-B458-A73E7F1A4756}"
EndProject
Project("{9A19103F-16F7-4668-BE54-9A1E7A4F7556}") = "RealStateAppProg3.Presentation.WebApp", "RealStateAppProg3.Presentation.WebApp\RealStateAppProg3.Presentation.WebApp.csproj", "{6B98AAE1-2260-4CC9-AF7A-4FBDF3602335}"
EndProject
Project("{2150E333-8FDC-42A3-9474-1A3956D46DE8}") = "WebApi", "WebApi", "{1B0F26E6-9A05-4108-9FDF-FBA0582FA83C}"
EndProject
Project("{FAE04EC0-301F-11D3-BF4B-00C04F79EFBC}") = "RealStateAppProg3.Presentation.WebApi", "RealStateAppProg3.Presentation.WebApi\RealStateAppProg3.Presentation.WebApi.csproj", "{E28C6CBB-6E65-4456-867F-90A5DC28D90B}"
EndProject
Global
	GlobalSection(SolutionConfigurationPlatforms) = preSolution
		Debug|Any CPU = Debug|Any CPU
		Release|Any CPU = Release|Any CPU
	EndGlobalSection
	GlobalSection(ProjectConfigurationPlatforms) = postSolution
		{721C7219-58F8-4244-8FD6-990245BE0D50}.Debug|Any CPU.ActiveCfg = Debug|Any CPU
		{721C7219-58F8-4244-8FD6-990245BE0D50}.Debug|Any CPU.Build.0 = Debug|Any CPU
		{721C7219-58F8-4244-8FD6-990245BE0D50}.Release|Any CPU.ActiveCfg = Release|Any CPU
		{721C7219-58F8-4244-8FD6-990245BE0D50}.Release|Any CPU.Build.0 = Release|Any CPU
		{29DA2692-A66A-4DEA-B810-E99E40CA14C7}.Debug|Any CPU.ActiveCfg = Debug|Any CPU
		{29DA2692-A66A-4DEA-B810-E99E40CA14C7}.Debug|Any CPU.Build.0 = Debug|Any CPU
		{29DA2692-A66A-4DEA-B810-E99E40CA14C7}.Release|Any CPU.ActiveCfg = Release|Any CPU
		{29DA2692-A66A-4DEA-B810-E99E40CA14C7}.Release|Any CPU.Build.0 = Release|Any CPU
		{76F313DA-6986-4820-9DED-02118BCAB000}.Debug|Any CPU.ActiveCfg = Debug|Any CPU
		{76F313DA-6986-4820-9DED-02118BCAB000}.Debug|Any CPU.Build.0 = Debug|Any CPU
		{76F313DA-6986-4820-9DED-02118BCAB000}.Release|Any CPU.ActiveCfg = Release|Any CPU
		{76F313DA-6986-4820-9DED-02118BCAB000}.Release|Any CPU.Build.0 = Release|Any CPU
		{7982788C-4E4D-41A2-BA2E-6EB05EE6F3AD}.Debug|Any CPU.ActiveCfg = Debug|Any CPU
		{7982788C-4E4D-41A2-BA2E-6EB05EE6F3AD}.Debug|Any CPU.Build.0 = Debug|Any CPU
		{7982788C-4E4D-41A2-BA2E-6EB05EE6F3AD}.Release|Any CPU.ActiveCfg = Release|Any CPU
		{7982788C-4E4D-41A2-BA2E-6EB05EE6F3AD}.Release|Any CPU.Build.0 = Release|Any CPU
		{A3064CE2-0464-4090-B200-9C06203DA32E}.Debug|Any CPU.ActiveCfg = Debug|Any CPU
		{A3064CE2-0464-4090-B200-9C06203DA32E}.Debug|Any CPU.Build.0 = Debug|Any CPU
		{A3064CE2-0464-4090-B200-9C06203DA32E}.Release|Any CPU.ActiveCfg = Release|Any CPU
		{A3064CE2-0464-4090-B200-9C06203DA32E}.Release|Any CPU.Build.0 = Release|Any CPU
		{6B98AAE1-2260-4CC9-AF7A-4FBDF3602335}.Debug|Any CPU.ActiveCfg = Debug|Any CPU
		{6B98AAE1-2260-4CC9-AF7A-4FBDF3602335}.Debug|Any CPU.Build.0 = Debug|Any CPU
		{6B98AAE1-2260-4CC9-AF7A-4FBDF3602335}.Release|Any CPU.ActiveCfg = Release|Any CPU
		{6B98AAE1-2260-4CC9-AF7A-4FBDF3602335}.Release|Any CPU.Build.0 = Release|Any CPU
		{E28C6CBB-6E65-4456-867F-90A5DC28D90B}.Debug|Any CPU.ActiveCfg = Debug|Any CPU
		{E28C6CBB-6E65-4456-867F-90A5DC28D90B}.Debug|Any CPU.Build.0 = Debug|Any CPU
		{E28C6CBB-6E65-4456-867F-90A5DC28D90B}.Release|Any CPU.ActiveCfg = Release|Any CPU
		{E28C6CBB-6E65-4456-867F-90A5DC28D90B}.Release|Any CPU.Build.0 = Release|Any CPU
	EndGlobalSection
	GlobalSection(SolutionProperties) = preSolution
		HideSolutionNode = FALSE
	EndGlobalSection
	GlobalSection(NestedProjects) = preSolution
		{721C7219-58F8-4244-8FD6-990245BE0D50} = {CD52D313-9AB8-4247-B240-0FECAC606516}
		{29DA2692-A66A-4DEA-B810-E99E40CA14C7} = {CD52D313-9AB8-4247-B240-0FECAC606516}
		{76F313DA-6986-4820-9DED-02118BCAB000} = {DD7046BA-26BA-46F4-B06F-3F6EB8C3B649}
		{7982788C-4E4D-41A2-BA2E-6EB05EE6F3AD} = {DD7046BA-26BA-46F4-B06F-3F6EB8C3B649}
		{A3064CE2-0464-4090-B200-9C06203DA32E} = {DD7046BA-26BA-46F4-B06F-3F6EB8C3B649}
		{14B8D6B1-09C3-4DAC-B458-A73E7F1A4756} = {F50F87CE-CE73-4384-A495-D0BE76F5C6B1}
		{6B98AAE1-2260-4CC9-AF7A-4FBDF3602335} = {14B8D6B1-09C3-4DAC-B458-A73E7F1A4756}
		{1B0F26E6-9A05-4108-9FDF-FBA0582FA83C} = {F50F87CE-CE73-4384-A495-D0BE76F5C6B1}
		{E28C6CBB-6E65-4456-867F-90A5DC28D90B} = {1B0F26E6-9A05-4108-9FDF-FBA0582FA83C}
	EndGlobalSection
	GlobalSection(ExtensibilityGlobals) = postSolution
		SolutionGuid = {049180B3-E204-4DCF-97CA-52B324B42714}
	EndGlobalSection
EndGlobal
